
Microsoft Visual Studio Solution File, Format Version 12.00
# Visual Studio Version 16
VisualStudioVersion = 16.0.29209.62
MinimumVisualStudioVersion = 10.0.40219.1
Project("{2150E333-8FDC-42A3-9474-1A3956D46DE8}") = "Core", "Core", "{E6765955-73DF-41FE-80DB-19ACB0947C67}"
EndProject
Project("{2150E333-8FDC-42A3-9474-1A3956D46DE8}") = "Infrastructure", "Infrastructure", "{50CD2221-663B-4368-8EDC-6E91E59A86D6}"
EndProject
Project("{2150E333-8FDC-42A3-9474-1A3956D46DE8}") = "Presentation", "Presentation", "{464C8AA8-12DC-490D-A87A-66DC7FBCECA3}"
EndProject
Project("{9A19103F-16F7-4668-BE54-9A1E7A4F7556}") = "FitnessTracker.Domain", "FitnessTracker.Domain\FitnessTracker.Domain.csproj", "{2E5D1554-E9AE-458C-9E1B-BE52C8F7C737}"
EndProject
Project("{9A19103F-16F7-4668-BE54-9A1E7A4F7556}") = "FitnessTracker.Application", "FitnessTracker.Application\FitnessTracker.Application.csproj", "{357A402F-8222-453A-94E0-5EA0DD3DE40D}"
EndProject
Project("{9A19103F-16F7-4668-BE54-9A1E7A4F7556}") = "FitnessTracker.Persistance", "FitnessTracker.Persistance\FitnessTracker.Persistance.csproj", "{5ACD37B1-1472-4DFD-9D89-839CA3DF2C17}"
EndProject
Project("{9A19103F-16F7-4668-BE54-9A1E7A4F7556}") = "FitnessTracker.Api", "FitnessTracker.Api\FitnessTracker.Api.csproj", "{48A5E87B-223A-48C2-B827-C7787DBBED64}"
EndProject
Project("{9A19103F-16F7-4668-BE54-9A1E7A4F7556}") = "FitnessTracker.Infrastructure", "FitnessTracker.Infrastructure\FitnessTracker.Infrastructure.csproj", "{75EFA993-48D4-442A-BF86-B5B472C6804F}"
EndProject
Global
	GlobalSection(SolutionConfigurationPlatforms) = preSolution
		Debug|Any CPU = Debug|Any CPU
		Release|Any CPU = Release|Any CPU
	EndGlobalSection
	GlobalSection(ProjectConfigurationPlatforms) = postSolution
		{2E5D1554-E9AE-458C-9E1B-BE52C8F7C737}.Debug|Any CPU.ActiveCfg = Debug|Any CPU
		{2E5D1554-E9AE-458C-9E1B-BE52C8F7C737}.Debug|Any CPU.Build.0 = Debug|Any CPU
		{2E5D1554-E9AE-458C-9E1B-BE52C8F7C737}.Release|Any CPU.ActiveCfg = Release|Any CPU
		{2E5D1554-E9AE-458C-9E1B-BE52C8F7C737}.Release|Any CPU.Build.0 = Release|Any CPU
		{357A402F-8222-453A-94E0-5EA0DD3DE40D}.Debug|Any CPU.ActiveCfg = Debug|Any CPU
		{357A402F-8222-453A-94E0-5EA0DD3DE40D}.Debug|Any CPU.Build.0 = Debug|Any CPU
		{357A402F-8222-453A-94E0-5EA0DD3DE40D}.Release|Any CPU.ActiveCfg = Release|Any CPU
		{357A402F-8222-453A-94E0-5EA0DD3DE40D}.Release|Any CPU.Build.0 = Release|Any CPU
		{5ACD37B1-1472-4DFD-9D89-839CA3DF2C17}.Debug|Any CPU.ActiveCfg = Debug|Any CPU
		{5ACD37B1-1472-4DFD-9D89-839CA3DF2C17}.Debug|Any CPU.Build.0 = Debug|Any CPU
		{5ACD37B1-1472-4DFD-9D89-839CA3DF2C17}.Release|Any CPU.ActiveCfg = Release|Any CPU
		{5ACD37B1-1472-4DFD-9D89-839CA3DF2C17}.Release|Any CPU.Build.0 = Release|Any CPU
		{48A5E87B-223A-48C2-B827-C7787DBBED64}.Debug|Any CPU.ActiveCfg = Debug|Any CPU
		{48A5E87B-223A-48C2-B827-C7787DBBED64}.Debug|Any CPU.Build.0 = Debug|Any CPU
		{48A5E87B-223A-48C2-B827-C7787DBBED64}.Release|Any CPU.ActiveCfg = Release|Any CPU
		{48A5E87B-223A-48C2-B827-C7787DBBED64}.Release|Any CPU.Build.0 = Release|Any CPU
		{75EFA993-48D4-442A-BF86-B5B472C6804F}.Debug|Any CPU.ActiveCfg = Debug|Any CPU
		{75EFA993-48D4-442A-BF86-B5B472C6804F}.Debug|Any CPU.Build.0 = Debug|Any CPU
		{75EFA993-48D4-442A-BF86-B5B472C6804F}.Release|Any CPU.ActiveCfg = Release|Any CPU
		{75EFA993-48D4-442A-BF86-B5B472C6804F}.Release|Any CPU.Build.0 = Release|Any CPU
	EndGlobalSection
	GlobalSection(SolutionProperties) = preSolution
		HideSolutionNode = FALSE
	EndGlobalSection
	GlobalSection(NestedProjects) = preSolution
		{2E5D1554-E9AE-458C-9E1B-BE52C8F7C737} = {E6765955-73DF-41FE-80DB-19ACB0947C67}
		{357A402F-8222-453A-94E0-5EA0DD3DE40D} = {E6765955-73DF-41FE-80DB-19ACB0947C67}
		{5ACD37B1-1472-4DFD-9D89-839CA3DF2C17} = {50CD2221-663B-4368-8EDC-6E91E59A86D6}
		{48A5E87B-223A-48C2-B827-C7787DBBED64} = {464C8AA8-12DC-490D-A87A-66DC7FBCECA3}
		{75EFA993-48D4-442A-BF86-B5B472C6804F} = {50CD2221-663B-4368-8EDC-6E91E59A86D6}
	EndGlobalSection
	GlobalSection(ExtensibilityGlobals) = postSolution
		SolutionGuid = {B765FD2A-C14E-4BA2-A0FC-6C55B57A27E8}
	EndGlobalSection
EndGlobal
